{
  "name": "babel-preset-monetaur",
  "version": "0.1.0",
  "lockfileVersion": 1,
  "requires": true,
  "dependencies": {
    "@babel/helper-plugin-utils": {
      "version": "7.19.0",
      "resolved": "https://registry.npmjs.org/@babel/helper-plugin-utils/-/helper-plugin-utils-7.19.0.tgz",
      "integrity": "sha512-40Ryx7I8mT+0gaNxm8JGTZFUITNqdLAgdg0hXzeVZxVD6nFsdhQvip6v8dqkRHzsz1VFpFAaOCHNn0vKBL7Czw=="
    },
    "@babel/plugin-syntax-dynamic-import": {
      "version": "7.8.3",
      "resolved": "https://registry.npmjs.org/@babel/plugin-syntax-dynamic-import/-/plugin-syntax-dynamic-import-7.8.3.tgz",
      "integrity": "sha512-5gdGbFon+PszYzqs83S3E5mpi7/y/8M9eC90MRTZfduQOYW76ig6SOSPNe41IG5LoP3FGBn2N0RjVDSQiS94kQ==",
      "requires": {
        "@babel/helper-plugin-utils": "^7.8.0"
      }
    },
    "@loadable/babel-plugin": {
      "version": "5.13.2",
      "resolved": "https://registry.npmjs.org/@loadable/babel-plugin/-/babel-plugin-5.13.2.tgz",
      "integrity": "sha512-vSZUVeTH1S1sDbk8Tzft0plZSkN7W4zmVR5w/Bmy4UmvBiu9lin7ztrDpoUTUzxpoups+OJbTc/OosvN0aMXWg==",
      "requires": {
        "@babel/plugin-syntax-dynamic-import": "^7.7.4"
      }
    }
  }
}
